
Microsoft Visual Studio Solution File, Format Version 12.00
# Visual Studio Version 17
VisualStudioVersion = 17.3.32929.385
MinimumVisualStudioVersion = 10.0.40219.1
Project("{FAE04EC0-301F-11D3-BF4B-00C04F79EFBC}") = "Api", "Api\Api.csproj", "{7468A5A8-A3B8-43A9-9C9C-68E1A1730DDB}"
EndProject
Project("{FAE04EC0-301F-11D3-BF4B-00C04F79EFBC}") = "DAL", "DAL\DAL.csproj", "{BAD8324E-2DDA-486E-9C01-7B76E8AE1F95}"
EndProject
Global
	GlobalSection(SolutionConfigurationPlatforms) = preSolution
		Debug|Any CPU = Debug|Any CPU
		Release|Any CPU = Release|Any CPU
	EndGlobalSection
	GlobalSection(ProjectConfigurationPlatforms) = postSolution
		{7468A5A8-A3B8-43A9-9C9C-68E1A1730DDB}.Debug|Any CPU.ActiveCfg = Debug|Any CPU
		{7468A5A8-A3B8-43A9-9C9C-68E1A1730DDB}.Debug|Any CPU.Build.0 = Debug|Any CPU
		{7468A5A8-A3B8-43A9-9C9C-68E1A1730DDB}.Release|Any CPU.ActiveCfg = Release|Any CPU
		{7468A5A8-A3B8-43A9-9C9C-68E1A1730DDB}.Release|Any CPU.Build.0 = Release|Any CPU
		{BAD8324E-2DDA-486E-9C01-7B76E8AE1F95}.Debug|Any CPU.ActiveCfg = Debug|Any CPU
		{BAD8324E-2DDA-486E-9C01-7B76E8AE1F95}.Debug|Any CPU.Build.0 = Debug|Any CPU
		{BAD8324E-2DDA-486E-9C01-7B76E8AE1F95}.Release|Any CPU.ActiveCfg = Release|Any CPU
		{BAD8324E-2DDA-486E-9C01-7B76E8AE1F95}.Release|Any CPU.Build.0 = Release|Any CPU
	EndGlobalSection
	GlobalSection(SolutionProperties) = preSolution
		HideSolutionNode = FALSE
	EndGlobalSection
	GlobalSection(ExtensibilityGlobals) = postSolution
		SolutionGuid = {095D1F4F-3255-4231-8E68-E693AB7745CA}
	EndGlobalSection
EndGlobal
